
Microsoft Visual Studio Solution File, Format Version 12.00
# Visual Studio 15
Project("{FAE04EC0-301F-11D3-BF4B-00C04F79EFBC}") = "Assembly-CSharp", "Assembly-CSharp.csproj", "{C46B99A5-0F0F-2FEE-50C8-DAE79AA3F247}"
EndProject
Project("{FAE04EC0-301F-11D3-BF4B-00C04F79EFBC}") = "UniRx", "UniRx.csproj", "{DA6F13A8-9704-59D0-8E13-D8BA6037F97A}"
EndProject
Project("{FAE04EC0-301F-11D3-BF4B-00C04F79EFBC}") = "UniRx.Async", "UniRx.Async.csproj", "{089999BB-1900-31E8-673F-067C92198C6A}"
EndProject
Project("{FAE04EC0-301F-11D3-BF4B-00C04F79EFBC}") = "UniRx.Examples", "UniRx.Examples.csproj", "{68836B28-4FE0-EEFA-9992-195D65092AD5}"
EndProject
Project("{FAE04EC0-301F-11D3-BF4B-00C04F79EFBC}") = "Assembly-CSharp-Editor", "Assembly-CSharp-Editor.csproj", "{5664E897-B20D-857B-ABA2-FE9F9A4DABFB}"
EndProject
Project("{FAE04EC0-301F-11D3-BF4B-00C04F79EFBC}") = "UniRx.Async.Editor", "UniRx.Async.Editor.csproj", "{AC634E5B-708C-5977-C4DC-E09142D40887}"
EndProject
Global
	GlobalSection(SolutionConfigurationPlatforms) = preSolution
		Debug|Any CPU = Debug|Any CPU
		Release|Any CPU = Release|Any CPU
	EndGlobalSection
	GlobalSection(ProjectConfigurationPlatforms) = postSolution
		{C46B99A5-0F0F-2FEE-50C8-DAE79AA3F247}.Debug|Any CPU.ActiveCfg = Debug|Any CPU
		{C46B99A5-0F0F-2FEE-50C8-DAE79AA3F247}.Debug|Any CPU.Build.0 = Debug|Any CPU
		{C46B99A5-0F0F-2FEE-50C8-DAE79AA3F247}.Release|Any CPU.ActiveCfg = Release|Any CPU
		{C46B99A5-0F0F-2FEE-50C8-DAE79AA3F247}.Release|Any CPU.Build.0 = Release|Any CPU
		{DA6F13A8-9704-59D0-8E13-D8BA6037F97A}.Debug|Any CPU.ActiveCfg = Debug|Any CPU
		{DA6F13A8-9704-59D0-8E13-D8BA6037F97A}.Debug|Any CPU.Build.0 = Debug|Any CPU
		{DA6F13A8-9704-59D0-8E13-D8BA6037F97A}.Release|Any CPU.ActiveCfg = Release|Any CPU
		{DA6F13A8-9704-59D0-8E13-D8BA6037F97A}.Release|Any CPU.Build.0 = Release|Any CPU
		{089999BB-1900-31E8-673F-067C92198C6A}.Debug|Any CPU.ActiveCfg = Debug|Any CPU
		{089999BB-1900-31E8-673F-067C92198C6A}.Debug|Any CPU.Build.0 = Debug|Any CPU
		{089999BB-1900-31E8-673F-067C92198C6A}.Release|Any CPU.ActiveCfg = Release|Any CPU
		{089999BB-1900-31E8-673F-067C92198C6A}.Release|Any CPU.Build.0 = Release|Any CPU
		{68836B28-4FE0-EEFA-9992-195D65092AD5}.Debug|Any CPU.ActiveCfg = Debug|Any CPU
		{68836B28-4FE0-EEFA-9992-195D65092AD5}.Debug|Any CPU.Build.0 = Debug|Any CPU
		{68836B28-4FE0-EEFA-9992-195D65092AD5}.Release|Any CPU.ActiveCfg = Release|Any CPU
		{68836B28-4FE0-EEFA-9992-195D65092AD5}.Release|Any CPU.Build.0 = Release|Any CPU
		{5664E897-B20D-857B-ABA2-FE9F9A4DABFB}.Debug|Any CPU.ActiveCfg = Debug|Any CPU
		{5664E897-B20D-857B-ABA2-FE9F9A4DABFB}.Debug|Any CPU.Build.0 = Debug|Any CPU
		{5664E897-B20D-857B-ABA2-FE9F9A4DABFB}.Release|Any CPU.ActiveCfg = Release|Any CPU
		{5664E897-B20D-857B-ABA2-FE9F9A4DABFB}.Release|Any CPU.Build.0 = Release|Any CPU
		{AC634E5B-708C-5977-C4DC-E09142D40887}.Debug|Any CPU.ActiveCfg = Debug|Any CPU
		{AC634E5B-708C-5977-C4DC-E09142D40887}.Debug|Any CPU.Build.0 = Debug|Any CPU
		{AC634E5B-708C-5977-C4DC-E09142D40887}.Release|Any CPU.ActiveCfg = Release|Any CPU
		{AC634E5B-708C-5977-C4DC-E09142D40887}.Release|Any CPU.Build.0 = Release|Any CPU
	EndGlobalSection
	GlobalSection(SolutionProperties) = preSolution
		HideSolutionNode = FALSE
	EndGlobalSection
EndGlobal
